
Microsoft Visual Studio Solution File, Format Version 12.00
# Visual Studio 15
VisualStudioVersion = 15.0.28307.960
MinimumVisualStudioVersion = 10.0.40219.1
Project("{2150E333-8FDC-42A3-9474-1A3956D46DE8}") = "Presentation", "Presentation", "{246D43DC-1A15-40E9-B72E-8D1EBF78EE35}"
EndProject
Project("{2150E333-8FDC-42A3-9474-1A3956D46DE8}") = "Common", "Common", "{38AD0786-C26C-467C-B75C-BD2632C2B1F6}"
EndProject
Project("{2150E333-8FDC-42A3-9474-1A3956D46DE8}") = "Core", "Core", "{5D3691D7-CA53-4814-9C1A-32427536D7DA}"
EndProject
Project("{2150E333-8FDC-42A3-9474-1A3956D46DE8}") = "Infrastructure", "Infrastructure", "{E12F3B89-302F-4FB5-89D4-910F5063D0FB}"
EndProject
Project("{2150E333-8FDC-42A3-9474-1A3956D46DE8}") = "Src", "Src", "{537D457B-0AF1-4E56-A776-F31C2B7DAF64}"
EndProject
Project("{FAE04EC0-301F-11D3-BF4B-00C04F79EFBC}") = "UserTask.WebAPI", "Web\UserTask.WebAPI.csproj", "{8554C62C-2507-4F83-AD56-E6BE66DA400D}"
EndProject
Project("{FAE04EC0-301F-11D3-BF4B-00C04F79EFBC}") = "UserTask.Infrastructure", "UserTask.Infrastructure\UserTask.Infrastructure.csproj", "{AC65719D-9852-4D8F-B1E3-0B0B5A3F8916}"
EndProject
Project("{FAE04EC0-301F-11D3-BF4B-00C04F79EFBC}") = "UserTask.Presistence", "UserTask.Presistence\UserTask.Presistence.csproj", "{9D804FD6-5BEA-41DD-85D1-C10EFB99604E}"
EndProject
Project("{FAE04EC0-301F-11D3-BF4B-00C04F79EFBC}") = "UserTask.Application", "Application\UserTask.Application.csproj", "{82AADDBD-FC5F-4938-9FE4-B34586420C0A}"
EndProject
Project("{FAE04EC0-301F-11D3-BF4B-00C04F79EFBC}") = "UserTask.Common", "Common\UserTask.Common.csproj", "{2BEA20F1-ABF6-4C8F-8CAD-69CFE30CCB10}"
EndProject
Project("{FAE04EC0-301F-11D3-BF4B-00C04F79EFBC}") = "UserTask.Domain", "UserTask.Domain\UserTask.Domain.csproj", "{7955A2F2-9BCC-4B56-A788-4A69FF7BBBCB}"
EndProject
Global
	GlobalSection(SolutionConfigurationPlatforms) = preSolution
		Debug|Any CPU = Debug|Any CPU
		Release|Any CPU = Release|Any CPU
	EndGlobalSection
	GlobalSection(ProjectConfigurationPlatforms) = postSolution
		{8554C62C-2507-4F83-AD56-E6BE66DA400D}.Debug|Any CPU.ActiveCfg = Debug|Any CPU
		{8554C62C-2507-4F83-AD56-E6BE66DA400D}.Debug|Any CPU.Build.0 = Debug|Any CPU
		{8554C62C-2507-4F83-AD56-E6BE66DA400D}.Release|Any CPU.ActiveCfg = Release|Any CPU
		{8554C62C-2507-4F83-AD56-E6BE66DA400D}.Release|Any CPU.Build.0 = Release|Any CPU
		{AC65719D-9852-4D8F-B1E3-0B0B5A3F8916}.Debug|Any CPU.ActiveCfg = Debug|Any CPU
		{AC65719D-9852-4D8F-B1E3-0B0B5A3F8916}.Debug|Any CPU.Build.0 = Debug|Any CPU
		{AC65719D-9852-4D8F-B1E3-0B0B5A3F8916}.Release|Any CPU.ActiveCfg = Release|Any CPU
		{AC65719D-9852-4D8F-B1E3-0B0B5A3F8916}.Release|Any CPU.Build.0 = Release|Any CPU
		{9D804FD6-5BEA-41DD-85D1-C10EFB99604E}.Debug|Any CPU.ActiveCfg = Debug|Any CPU
		{9D804FD6-5BEA-41DD-85D1-C10EFB99604E}.Debug|Any CPU.Build.0 = Debug|Any CPU
		{9D804FD6-5BEA-41DD-85D1-C10EFB99604E}.Release|Any CPU.ActiveCfg = Release|Any CPU
		{9D804FD6-5BEA-41DD-85D1-C10EFB99604E}.Release|Any CPU.Build.0 = Release|Any CPU
		{82AADDBD-FC5F-4938-9FE4-B34586420C0A}.Debug|Any CPU.ActiveCfg = Debug|Any CPU
		{82AADDBD-FC5F-4938-9FE4-B34586420C0A}.Debug|Any CPU.Build.0 = Debug|Any CPU
		{82AADDBD-FC5F-4938-9FE4-B34586420C0A}.Release|Any CPU.ActiveCfg = Release|Any CPU
		{82AADDBD-FC5F-4938-9FE4-B34586420C0A}.Release|Any CPU.Build.0 = Release|Any CPU
		{2BEA20F1-ABF6-4C8F-8CAD-69CFE30CCB10}.Debug|Any CPU.ActiveCfg = Debug|Any CPU
		{2BEA20F1-ABF6-4C8F-8CAD-69CFE30CCB10}.Debug|Any CPU.Build.0 = Debug|Any CPU
		{2BEA20F1-ABF6-4C8F-8CAD-69CFE30CCB10}.Release|Any CPU.ActiveCfg = Release|Any CPU
		{2BEA20F1-ABF6-4C8F-8CAD-69CFE30CCB10}.Release|Any CPU.Build.0 = Release|Any CPU
		{7955A2F2-9BCC-4B56-A788-4A69FF7BBBCB}.Debug|Any CPU.ActiveCfg = Debug|Any CPU
		{7955A2F2-9BCC-4B56-A788-4A69FF7BBBCB}.Debug|Any CPU.Build.0 = Debug|Any CPU
		{7955A2F2-9BCC-4B56-A788-4A69FF7BBBCB}.Release|Any CPU.ActiveCfg = Release|Any CPU
		{7955A2F2-9BCC-4B56-A788-4A69FF7BBBCB}.Release|Any CPU.Build.0 = Release|Any CPU
	EndGlobalSection
	GlobalSection(SolutionProperties) = preSolution
		HideSolutionNode = FALSE
	EndGlobalSection
	GlobalSection(NestedProjects) = preSolution
		{246D43DC-1A15-40E9-B72E-8D1EBF78EE35} = {537D457B-0AF1-4E56-A776-F31C2B7DAF64}
		{38AD0786-C26C-467C-B75C-BD2632C2B1F6} = {537D457B-0AF1-4E56-A776-F31C2B7DAF64}
		{5D3691D7-CA53-4814-9C1A-32427536D7DA} = {537D457B-0AF1-4E56-A776-F31C2B7DAF64}
		{E12F3B89-302F-4FB5-89D4-910F5063D0FB} = {537D457B-0AF1-4E56-A776-F31C2B7DAF64}
		{8554C62C-2507-4F83-AD56-E6BE66DA400D} = {246D43DC-1A15-40E9-B72E-8D1EBF78EE35}
		{AC65719D-9852-4D8F-B1E3-0B0B5A3F8916} = {E12F3B89-302F-4FB5-89D4-910F5063D0FB}
		{9D804FD6-5BEA-41DD-85D1-C10EFB99604E} = {E12F3B89-302F-4FB5-89D4-910F5063D0FB}
		{82AADDBD-FC5F-4938-9FE4-B34586420C0A} = {5D3691D7-CA53-4814-9C1A-32427536D7DA}
		{2BEA20F1-ABF6-4C8F-8CAD-69CFE30CCB10} = {38AD0786-C26C-467C-B75C-BD2632C2B1F6}
		{7955A2F2-9BCC-4B56-A788-4A69FF7BBBCB} = {5D3691D7-CA53-4814-9C1A-32427536D7DA}
	EndGlobalSection
	GlobalSection(ExtensibilityGlobals) = postSolution
		SolutionGuid = {B20E5907-8A58-4225-B7C1-42F8C33F8E1B}
	EndGlobalSection
EndGlobal
